
Microsoft Visual Studio Solution File, Format Version 12.00
# Visual Studio 14
VisualStudioVersion = 14.0.25420.1
MinimumVisualStudioVersion = 10.0.40219.1
Project("{FAE04EC0-301F-11D3-BF4B-00C04F79EFBC}") = "WebApplication5", "WebApplication5\WebApplication5.csproj", "{EF674E6F-7F6E-46CA-A312-FCADDE1011D0}"
EndProject
Project("{FAE04EC0-301F-11D3-BF4B-00C04F79EFBC}") = "QuestRoomCatalog.DataLayer", "QuestRoomCatalog.DataLayer\QuestRoomCatalog.DataLayer.csproj", "{C7FD5D31-3600-48F2-9BA4-6954556CE9BD}"
EndProject
Global
	GlobalSection(SolutionConfigurationPlatforms) = preSolution
		Debug|Any CPU = Debug|Any CPU
		Release|Any CPU = Release|Any CPU
	EndGlobalSection
	GlobalSection(ProjectConfigurationPlatforms) = postSolution
		{EF674E6F-7F6E-46CA-A312-FCADDE1011D0}.Debug|Any CPU.ActiveCfg = Debug|Any CPU
		{EF674E6F-7F6E-46CA-A312-FCADDE1011D0}.Debug|Any CPU.Build.0 = Debug|Any CPU
		{EF674E6F-7F6E-46CA-A312-FCADDE1011D0}.Release|Any CPU.ActiveCfg = Release|Any CPU
		{EF674E6F-7F6E-46CA-A312-FCADDE1011D0}.Release|Any CPU.Build.0 = Release|Any CPU
		{C7FD5D31-3600-48F2-9BA4-6954556CE9BD}.Debug|Any CPU.ActiveCfg = Debug|Any CPU
		{C7FD5D31-3600-48F2-9BA4-6954556CE9BD}.Debug|Any CPU.Build.0 = Debug|Any CPU
		{C7FD5D31-3600-48F2-9BA4-6954556CE9BD}.Release|Any CPU.ActiveCfg = Release|Any CPU
		{C7FD5D31-3600-48F2-9BA4-6954556CE9BD}.Release|Any CPU.Build.0 = Release|Any CPU
	EndGlobalSection
	GlobalSection(SolutionProperties) = preSolution
		HideSolutionNode = FALSE
	EndGlobalSection
EndGlobal
